
Microsoft Visual Studio Solution File, Format Version 12.00
# Visual Studio Version 17
VisualStudioVersion = 17.4.33205.214
MinimumVisualStudioVersion = 10.0.40219.1
Project("{FAE04EC0-301F-11D3-BF4B-00C04F79EFBC}") = "DataAccess", "DataAccess\DataAccess.csproj", "{505D8F93-8973-470C-9895-5C3B22011FC8}"
EndProject
Project("{FAE04EC0-301F-11D3-BF4B-00C04F79EFBC}") = "BusinessObject", "BusinessObject\BusinessObject.csproj", "{3F86E843-0B99-4AF3-BF1D-543F1DD363CA}"
EndProject
Project("{FAE04EC0-301F-11D3-BF4B-00C04F79EFBC}") = "SalesWPFApp", "SalesWPFApp\SalesWPFApp.csproj", "{CF564C86-52D2-47A4-B156-6B6D9FB5E846}"
EndProject
Global
	GlobalSection(SolutionConfigurationPlatforms) = preSolution
		Debug|Any CPU = Debug|Any CPU
		Release|Any CPU = Release|Any CPU
	EndGlobalSection
	GlobalSection(ProjectConfigurationPlatforms) = postSolution
		{505D8F93-8973-470C-9895-5C3B22011FC8}.Debug|Any CPU.ActiveCfg = Debug|Any CPU
		{505D8F93-8973-470C-9895-5C3B22011FC8}.Debug|Any CPU.Build.0 = Debug|Any CPU
		{505D8F93-8973-470C-9895-5C3B22011FC8}.Release|Any CPU.ActiveCfg = Release|Any CPU
		{505D8F93-8973-470C-9895-5C3B22011FC8}.Release|Any CPU.Build.0 = Release|Any CPU
		{3F86E843-0B99-4AF3-BF1D-543F1DD363CA}.Debug|Any CPU.ActiveCfg = Debug|Any CPU
		{3F86E843-0B99-4AF3-BF1D-543F1DD363CA}.Debug|Any CPU.Build.0 = Debug|Any CPU
		{3F86E843-0B99-4AF3-BF1D-543F1DD363CA}.Release|Any CPU.ActiveCfg = Release|Any CPU
		{3F86E843-0B99-4AF3-BF1D-543F1DD363CA}.Release|Any CPU.Build.0 = Release|Any CPU
		{CF564C86-52D2-47A4-B156-6B6D9FB5E846}.Debug|Any CPU.ActiveCfg = Debug|Any CPU
		{CF564C86-52D2-47A4-B156-6B6D9FB5E846}.Debug|Any CPU.Build.0 = Debug|Any CPU
		{CF564C86-52D2-47A4-B156-6B6D9FB5E846}.Release|Any CPU.ActiveCfg = Release|Any CPU
		{CF564C86-52D2-47A4-B156-6B6D9FB5E846}.Release|Any CPU.Build.0 = Release|Any CPU
	EndGlobalSection
	GlobalSection(SolutionProperties) = preSolution
		HideSolutionNode = FALSE
	EndGlobalSection
	GlobalSection(ExtensibilityGlobals) = postSolution
		SolutionGuid = {8FFF179E-194C-46BE-8C4A-1CAD2DA72D36}
	EndGlobalSection
EndGlobal
